
Microsoft Visual Studio Solution File, Format Version 12.00
# Visual Studio Version 17
VisualStudioVersion = 17.8.34309.116
MinimumVisualStudioVersion = 10.0.40219.1
Project("{FAE04EC0-301F-11D3-BF4B-00C04F79EFBC}") = "CodeFirstLibraryDb", "CodeFirstLibraryDb\CodeFirstLibraryDb.csproj", "{288891AA-6948-4CB4-8D48-2EA52EA7DC2C}"
EndProject
Global
	GlobalSection(SolutionConfigurationPlatforms) = preSolution
		Debug|Any CPU = Debug|Any CPU
		Release|Any CPU = Release|Any CPU
	EndGlobalSection
	GlobalSection(ProjectConfigurationPlatforms) = postSolution
		{288891AA-6948-4CB4-8D48-2EA52EA7DC2C}.Debug|Any CPU.ActiveCfg = Debug|Any CPU
		{288891AA-6948-4CB4-8D48-2EA52EA7DC2C}.Debug|Any CPU.Build.0 = Debug|Any CPU
		{288891AA-6948-4CB4-8D48-2EA52EA7DC2C}.Release|Any CPU.ActiveCfg = Release|Any CPU
		{288891AA-6948-4CB4-8D48-2EA52EA7DC2C}.Release|Any CPU.Build.0 = Release|Any CPU
	EndGlobalSection
	GlobalSection(SolutionProperties) = preSolution
		HideSolutionNode = FALSE
	EndGlobalSection
	GlobalSection(ExtensibilityGlobals) = postSolution
		SolutionGuid = {61347B8F-7E90-427D-BDD8-6D4E3E0EEB5C}
	EndGlobalSection
EndGlobal
